
Microsoft Visual Studio Solution File, Format Version 12.00
# Visual Studio Version 16
VisualStudioVersion = 16.0.30621.155
MinimumVisualStudioVersion = 10.0.40219.1
Project("{9A19103F-16F7-4668-BE54-9A1E7A4F7556}") = "WebApiCarrito", "WebApiCarrito\WebApiCarrito.csproj", "{878C3024-0842-434D-88C2-4A27096C5E61}"
EndProject
Project("{9A19103F-16F7-4668-BE54-9A1E7A4F7556}") = "Infraestructure", "Infraestructure\Infraestructure.csproj", "{C305C3E3-2123-4741-9C2A-1385FD277C24}"
EndProject
Project("{9A19103F-16F7-4668-BE54-9A1E7A4F7556}") = "ApplicationCore", "ApplicationCore\ApplicationCore.csproj", "{0B8B882D-4189-4FB5-94E7-9174D2B0E2CE}"
EndProject
Project("{9A19103F-16F7-4668-BE54-9A1E7A4F7556}") = "WebApiOrden", "WebApiOrden\WebApiOrden.csproj", "{6E7FD53C-807C-4896-B78D-9078B4A98C78}"
EndProject
Project("{9A19103F-16F7-4668-BE54-9A1E7A4F7556}") = "WatchDog", "WatchDog\WatchDog.csproj", "{3AC4178B-981A-4B77-9BEC-7ED162A2F676}"
EndProject
Project("{FAE04EC0-301F-11D3-BF4B-00C04F79EFBC}") = "CanastaConsumer", "CanastaConsumer\CanastaConsumer.csproj", "{DB585D90-0C03-49D5-96C8-CB960E7462AF}"
EndProject
Global
	GlobalSection(SolutionConfigurationPlatforms) = preSolution
		Debug|Any CPU = Debug|Any CPU
		Release|Any CPU = Release|Any CPU
	EndGlobalSection
	GlobalSection(ProjectConfigurationPlatforms) = postSolution
		{878C3024-0842-434D-88C2-4A27096C5E61}.Debug|Any CPU.ActiveCfg = Debug|Any CPU
		{878C3024-0842-434D-88C2-4A27096C5E61}.Debug|Any CPU.Build.0 = Debug|Any CPU
		{878C3024-0842-434D-88C2-4A27096C5E61}.Release|Any CPU.ActiveCfg = Release|Any CPU
		{878C3024-0842-434D-88C2-4A27096C5E61}.Release|Any CPU.Build.0 = Release|Any CPU
		{C305C3E3-2123-4741-9C2A-1385FD277C24}.Debug|Any CPU.ActiveCfg = Debug|Any CPU
		{C305C3E3-2123-4741-9C2A-1385FD277C24}.Debug|Any CPU.Build.0 = Debug|Any CPU
		{C305C3E3-2123-4741-9C2A-1385FD277C24}.Release|Any CPU.ActiveCfg = Release|Any CPU
		{C305C3E3-2123-4741-9C2A-1385FD277C24}.Release|Any CPU.Build.0 = Release|Any CPU
		{0B8B882D-4189-4FB5-94E7-9174D2B0E2CE}.Debug|Any CPU.ActiveCfg = Debug|Any CPU
		{0B8B882D-4189-4FB5-94E7-9174D2B0E2CE}.Debug|Any CPU.Build.0 = Debug|Any CPU
		{0B8B882D-4189-4FB5-94E7-9174D2B0E2CE}.Release|Any CPU.ActiveCfg = Release|Any CPU
		{0B8B882D-4189-4FB5-94E7-9174D2B0E2CE}.Release|Any CPU.Build.0 = Release|Any CPU
		{6E7FD53C-807C-4896-B78D-9078B4A98C78}.Debug|Any CPU.ActiveCfg = Debug|Any CPU
		{6E7FD53C-807C-4896-B78D-9078B4A98C78}.Debug|Any CPU.Build.0 = Debug|Any CPU
		{6E7FD53C-807C-4896-B78D-9078B4A98C78}.Release|Any CPU.ActiveCfg = Release|Any CPU
		{6E7FD53C-807C-4896-B78D-9078B4A98C78}.Release|Any CPU.Build.0 = Release|Any CPU
		{3AC4178B-981A-4B77-9BEC-7ED162A2F676}.Debug|Any CPU.ActiveCfg = Debug|Any CPU
		{3AC4178B-981A-4B77-9BEC-7ED162A2F676}.Debug|Any CPU.Build.0 = Debug|Any CPU
		{3AC4178B-981A-4B77-9BEC-7ED162A2F676}.Release|Any CPU.ActiveCfg = Release|Any CPU
		{3AC4178B-981A-4B77-9BEC-7ED162A2F676}.Release|Any CPU.Build.0 = Release|Any CPU
		{DB585D90-0C03-49D5-96C8-CB960E7462AF}.Debug|Any CPU.ActiveCfg = Debug|Any CPU
		{DB585D90-0C03-49D5-96C8-CB960E7462AF}.Debug|Any CPU.Build.0 = Debug|Any CPU
		{DB585D90-0C03-49D5-96C8-CB960E7462AF}.Release|Any CPU.ActiveCfg = Release|Any CPU
		{DB585D90-0C03-49D5-96C8-CB960E7462AF}.Release|Any CPU.Build.0 = Release|Any CPU
	EndGlobalSection
	GlobalSection(SolutionProperties) = preSolution
		HideSolutionNode = FALSE
	EndGlobalSection
	GlobalSection(ExtensibilityGlobals) = postSolution
		SolutionGuid = {768C8D3A-2C86-4E3B-AF3F-6D52FF89DC7D}
	EndGlobalSection
EndGlobal
